# This file is automatically @generated by Cargo.
# It is not intended for manual editing.
version = 3

[[package]]
name = "bitflags"
version = "1.3.2"
source = "registry+https://github.com/rust-lang/crates.io-index"
checksum = "bef38d45163c2f1dde094a7dfd33ccf595c92905c8f8f4fdc18d06fb1037718a"

[[package]]
name = "stivale-boot"
version = "0.2.3"
source = "registry+https://github.com/rust-lang/crates.io-index"
checksum = "0f34c9d55480747cc07555801ab9b37c4ec0cd8fbfac111b9ad8a681a3c7cac5"
dependencies = [
 "bitflags",
]

[[package]]
name = "stivale2"
version = "0.1.0"
dependencies = [
 "stivale-boot",
]
